
Microsoft Visual Studio Solution File, Format Version 12.00
# Visual Studio Version 17
VisualStudioVersion = 17.0.32126.317
MinimumVisualStudioVersion = 10.0.40219.1
Project("{9A19103F-16F7-4668-BE54-9A1E7A4F7556}") = "Nptk.Learning.Api", "Nptk.Learning.Api.csproj", "{A96A723F-3469-482B-951B-51D85C03DECF}"
EndProject
Project("{FAE04EC0-301F-11D3-BF4B-00C04F79EFBC}") = "Nptk.Learning.Contracts", "..\Nptk.Learning.Contracts\Nptk.Learning.Contracts.csproj", "{DD79EBF4-CC4F-422C-B9D4-67AD84BED801}"
EndProject
Project("{FAE04EC0-301F-11D3-BF4B-00C04F79EFBC}") = "Nptk.Learning.LoggerSerice", "..\Nptk.Learning.LoggerSerice\Nptk.Learning.LoggerSerice.csproj", "{D748F46D-93E9-4D7E-8A7A-190F1B7B72B1}"
EndProject
Global
	GlobalSection(SolutionConfigurationPlatforms) = preSolution
		Debug|Any CPU = Debug|Any CPU
		Release|Any CPU = Release|Any CPU
	EndGlobalSection
	GlobalSection(ProjectConfigurationPlatforms) = postSolution
		{A96A723F-3469-482B-951B-51D85C03DECF}.Debug|Any CPU.ActiveCfg = Debug|Any CPU
		{A96A723F-3469-482B-951B-51D85C03DECF}.Debug|Any CPU.Build.0 = Debug|Any CPU
		{A96A723F-3469-482B-951B-51D85C03DECF}.Release|Any CPU.ActiveCfg = Release|Any CPU
		{A96A723F-3469-482B-951B-51D85C03DECF}.Release|Any CPU.Build.0 = Release|Any CPU
		{DD79EBF4-CC4F-422C-B9D4-67AD84BED801}.Debug|Any CPU.ActiveCfg = Debug|Any CPU
		{DD79EBF4-CC4F-422C-B9D4-67AD84BED801}.Debug|Any CPU.Build.0 = Debug|Any CPU
		{DD79EBF4-CC4F-422C-B9D4-67AD84BED801}.Release|Any CPU.ActiveCfg = Release|Any CPU
		{DD79EBF4-CC4F-422C-B9D4-67AD84BED801}.Release|Any CPU.Build.0 = Release|Any CPU
		{D748F46D-93E9-4D7E-8A7A-190F1B7B72B1}.Debug|Any CPU.ActiveCfg = Debug|Any CPU
		{D748F46D-93E9-4D7E-8A7A-190F1B7B72B1}.Debug|Any CPU.Build.0 = Debug|Any CPU
		{D748F46D-93E9-4D7E-8A7A-190F1B7B72B1}.Release|Any CPU.ActiveCfg = Release|Any CPU
		{D748F46D-93E9-4D7E-8A7A-190F1B7B72B1}.Release|Any CPU.Build.0 = Release|Any CPU
	EndGlobalSection
	GlobalSection(SolutionProperties) = preSolution
		HideSolutionNode = FALSE
	EndGlobalSection
	GlobalSection(ExtensibilityGlobals) = postSolution
		SolutionGuid = {8ADAC827-ABB0-4F5C-B0E7-A98ED3FEE075}
	EndGlobalSection
EndGlobal
